
Microsoft Visual Studio Solution File, Format Version 12.00
# Visual Studio 15
VisualStudioVersion = 15.0.26228.9
MinimumVisualStudioVersion = 10.0.40219.1
Project("{D954291E-2A0B-460D-934E-DC6B0785DB48}") = "Mastoom", "Mastoom\Mastoom\Mastoom.shproj", "{2C9678C7-176A-4EF1-8DF7-DEDC03CFB259}"
EndProject
Project("{FAE04EC0-301F-11D3-BF4B-00C04F79EFBC}") = "Mastoom.Android", "Mastoom\Mastoom.Android\Mastoom.Android.csproj", "{4D55EE91-7FF0-43C9-ADF4-82C81EEB797C}"
EndProject
Project("{FAE04EC0-301F-11D3-BF4B-00C04F79EFBC}") = "Mastoom.iOS", "Mastoom\Mastoom.iOS\Mastoom.iOS.csproj", "{E9C9F95A-3AA4-4F85-81DE-004ADB46DC01}"
EndProject
Project("{FAE04EC0-301F-11D3-BF4B-00C04F79EFBC}") = "Mastoom.UWP", "Mastoom\Mastoom.UWP\Mastoom.UWP.csproj", "{E877C873-FF98-458B-AD0A-6BE6D099A8B6}"
EndProject
Global
	GlobalSection(SharedMSBuildProjectFiles) = preSolution
		Mastoom\Mastoom\Mastoom.projitems*{2c9678c7-176a-4ef1-8df7-dedc03cfb259}*SharedItemsImports = 13
		Mastoom\Mastoom\Mastoom.projitems*{4d55ee91-7ff0-43c9-adf4-82c81eeb797c}*SharedItemsImports = 4
		Mastoom\Mastoom\Mastoom.projitems*{e9c9f95a-3aa4-4f85-81de-004adb46dc01}*SharedItemsImports = 4
	EndGlobalSection
	GlobalSection(SolutionConfigurationPlatforms) = preSolution
		Ad-Hoc|Any CPU = Ad-Hoc|Any CPU
		Ad-Hoc|ARM = Ad-Hoc|ARM
		Ad-Hoc|iPhone = Ad-Hoc|iPhone
		Ad-Hoc|iPhoneSimulator = Ad-Hoc|iPhoneSimulator
		Ad-Hoc|x64 = Ad-Hoc|x64
		Ad-Hoc|x86 = Ad-Hoc|x86
		AppStore|Any CPU = AppStore|Any CPU
		AppStore|ARM = AppStore|ARM
		AppStore|iPhone = AppStore|iPhone
		AppStore|iPhoneSimulator = AppStore|iPhoneSimulator
		AppStore|x64 = AppStore|x64
		AppStore|x86 = AppStore|x86
		Debug|Any CPU = Debug|Any CPU
		Debug|ARM = Debug|ARM
		Debug|iPhone = Debug|iPhone
		Debug|iPhoneSimulator = Debug|iPhoneSimulator
		Debug|x64 = Debug|x64
		Debug|x86 = Debug|x86
		Release|Any CPU = Release|Any CPU
		Release|ARM = Release|ARM
		Release|iPhone = Release|iPhone
		Release|iPhoneSimulator = Release|iPhoneSimulator
		Release|x64 = Release|x64
		Release|x86 = Release|x86
	EndGlobalSection
	GlobalSection(ProjectConfigurationPlatforms) = postSolution
		{4D55EE91-7FF0-43C9-ADF4-82C81EEB797C}.Ad-Hoc|Any CPU.ActiveCfg = Release|Any CPU
		{4D55EE91-7FF0-43C9-ADF4-82C81EEB797C}.Ad-Hoc|Any CPU.Build.0 = Release|Any CPU
		{4D55EE91-7FF0-43C9-ADF4-82C81EEB797C}.Ad-Hoc|Any CPU.Deploy.0 = Release|Any CPU
		{4D55EE91-7FF0-43C9-ADF4-82C81EEB797C}.Ad-Hoc|ARM.ActiveCfg = Release|Any CPU
		{4D55EE91-7FF0-43C9-ADF4-82C81EEB797C}.Ad-Hoc|ARM.Build.0 = Release|Any CPU
		{4D55EE91-7FF0-43C9-ADF4-82C81EEB797C}.Ad-Hoc|ARM.Deploy.0 = Release|Any CPU
		{4D55EE91-7FF0-43C9-ADF4-82C81EEB797C}.Ad-Hoc|iPhone.ActiveCfg = Release|Any CPU
		{4D55EE91-7FF0-43C9-ADF4-82C81EEB797C}.Ad-Hoc|iPhone.Build.0 = Release|Any CPU
		{4D55EE91-7FF0-43C9-ADF4-82C81EEB797C}.Ad-Hoc|iPhone.Deploy.0 = Release|Any CPU
		{4D55EE91-7FF0-43C9-ADF4-82C81EEB797C}.Ad-Hoc|iPhoneSimulator.ActiveCfg = Release|Any CPU
		{4D55EE91-7FF0-43C9-ADF4-82C81EEB797C}.Ad-Hoc|iPhoneSimulator.Build.0 = Release|Any CPU
		{4D55EE91-7FF0-43C9-ADF4-82C81EEB797C}.Ad-Hoc|iPhoneSimulator.Deploy.0 = Release|Any CPU
		{4D55EE91-7FF0-43C9-ADF4-82C81EEB797C}.Ad-Hoc|x64.ActiveCfg = Release|Any CPU
		{4D55EE91-7FF0-43C9-ADF4-82C81EEB797C}.Ad-Hoc|x64.Build.0 = Release|Any CPU
		{4D55EE91-7FF0-43C9-ADF4-82C81EEB797C}.Ad-Hoc|x64.Deploy.0 = Release|Any CPU
		{4D55EE91-7FF0-43C9-ADF4-82C81EEB797C}.Ad-Hoc|x86.ActiveCfg = Release|Any CPU
		{4D55EE91-7FF0-43C9-ADF4-82C81EEB797C}.Ad-Hoc|x86.Build.0 = Release|Any CPU
		{4D55EE91-7FF0-43C9-ADF4-82C81EEB797C}.Ad-Hoc|x86.Deploy.0 = Release|Any CPU
		{4D55EE91-7FF0-43C9-ADF4-82C81EEB797C}.AppStore|Any CPU.ActiveCfg = Release|Any CPU
		{4D55EE91-7FF0-43C9-ADF4-82C81EEB797C}.AppStore|Any CPU.Build.0 = Release|Any CPU
		{4D55EE91-7FF0-43C9-ADF4-82C81EEB797C}.AppStore|Any CPU.Deploy.0 = Release|Any CPU
		{4D55EE91-7FF0-43C9-ADF4-82C81EEB797C}.AppStore|ARM.ActiveCfg = Release|Any CPU
		{4D55EE91-7FF0-43C9-ADF4-82C81EEB797C}.AppStore|ARM.Build.0 = Release|Any CPU
		{4D55EE91-7FF0-43C9-ADF4-82C81EEB797C}.AppStore|ARM.Deploy.0 = Release|Any CPU
		{4D55EE91-7FF0-43C9-ADF4-82C81EEB797C}.AppStore|iPhone.ActiveCfg = Release|Any CPU
		{4D55EE91-7FF0-43C9-ADF4-82C81EEB797C}.AppStore|iPhone.Build.0 = Release|Any CPU
		{4D55EE91-7FF0-43C9-ADF4-82C81EEB797C}.AppStore|iPhone.Deploy.0 = Release|Any CPU
		{4D55EE91-7FF0-43C9-ADF4-82C81EEB797C}.AppStore|iPhoneSimulator.ActiveCfg = Release|Any CPU
		{4D55EE91-7FF0-43C9-ADF4-82C81EEB797C}.AppStore|iPhoneSimulator.Build.0 = Release|Any CPU
		{4D55EE91-7FF0-43C9-ADF4-82C81EEB797C}.AppStore|iPhoneSimulator.Deploy.0 = Release|Any CPU
		{4D55EE91-7FF0-43C9-ADF4-82C81EEB797C}.AppStore|x64.ActiveCfg = Release|Any CPU
		{4D55EE91-7FF0-43C9-ADF4-82C81EEB797C}.AppStore|x64.Build.0 = Release|Any CPU
		{4D55EE91-7FF0-43C9-ADF4-82C81EEB797C}.AppStore|x64.Deploy.0 = Release|Any CPU
		{4D55EE91-7FF0-43C9-ADF4-82C81EEB797C}.AppStore|x86.ActiveCfg = Release|Any CPU
		{4D55EE91-7FF0-43C9-ADF4-82C81EEB797C}.AppStore|x86.Build.0 = Release|Any CPU
		{4D55EE91-7FF0-43C9-ADF4-82C81EEB797C}.AppStore|x86.Deploy.0 = Release|Any CPU
		{4D55EE91-7FF0-43C9-ADF4-82C81EEB797C}.Debug|Any CPU.ActiveCfg = Debug|Any CPU
		{4D55EE91-7FF0-43C9-ADF4-82C81EEB797C}.Debug|Any CPU.Build.0 = Debug|Any CPU
		{4D55EE91-7FF0-43C9-ADF4-82C81EEB797C}.Debug|Any CPU.Deploy.0 = Debug|Any CPU
		{4D55EE91-7FF0-43C9-ADF4-82C81EEB797C}.Debug|ARM.ActiveCfg = Debug|Any CPU
		{4D55EE91-7FF0-43C9-ADF4-82C81EEB797C}.Debug|ARM.Build.0 = Debug|Any CPU
		{4D55EE91-7FF0-43C9-ADF4-82C81EEB797C}.Debug|ARM.Deploy.0 = Debug|Any CPU
		{4D55EE91-7FF0-43C9-ADF4-82C81EEB797C}.Debug|iPhone.ActiveCfg = Debug|Any CPU
		{4D55EE91-7FF0-43C9-ADF4-82C81EEB797C}.Debug|iPhone.Build.0 = Debug|Any CPU
		{4D55EE91-7FF0-43C9-ADF4-82C81EEB797C}.Debug|iPhone.Deploy.0 = Debug|Any CPU
		{4D55EE91-7FF0-43C9-ADF4-82C81EEB797C}.Debug|iPhoneSimulator.ActiveCfg = Debug|Any CPU
		{4D55EE91-7FF0-43C9-ADF4-82C81EEB797C}.Debug|iPhoneSimulator.Build.0 = Debug|Any CPU
		{4D55EE91-7FF0-43C9-ADF4-82C81EEB797C}.Debug|iPhoneSimulator.Deploy.0 = Debug|Any CPU
		{4D55EE91-7FF0-43C9-ADF4-82C81EEB797C}.Debug|x64.ActiveCfg = Debug|Any CPU
		{4D55EE91-7FF0-43C9-ADF4-82C81EEB797C}.Debug|x64.Build.0 = Debug|Any CPU
		{4D55EE91-7FF0-43C9-ADF4-82C81EEB797C}.Debug|x64.Deploy.0 = Debug|Any CPU
		{4D55EE91-7FF0-43C9-ADF4-82C81EEB797C}.Debug|x86.ActiveCfg = Debug|Any CPU
		{4D55EE91-7FF0-43C9-ADF4-82C81EEB797C}.Debug|x86.Build.0 = Debug|Any CPU
		{4D55EE91-7FF0-43C9-ADF4-82C81EEB797C}.Debug|x86.Deploy.0 = Debug|Any CPU
		{4D55EE91-7FF0-43C9-ADF4-82C81EEB797C}.Release|Any CPU.ActiveCfg = Release|Any CPU
		{4D55EE91-7FF0-43C9-ADF4-82C81EEB797C}.Release|Any CPU.Build.0 = Release|Any CPU
		{4D55EE91-7FF0-43C9-ADF4-82C81EEB797C}.Release|Any CPU.Deploy.0 = Release|Any CPU
		{4D55EE91-7FF0-43C9-ADF4-82C81EEB797C}.Release|ARM.ActiveCfg = Release|Any CPU
		{4D55EE91-7FF0-43C9-ADF4-82C81EEB797C}.Release|ARM.Build.0 = Release|Any CPU
		{4D55EE91-7FF0-43C9-ADF4-82C81EEB797C}.Release|ARM.Deploy.0 = Release|Any CPU
		{4D55EE91-7FF0-43C9-ADF4-82C81EEB797C}.Release|iPhone.ActiveCfg = Release|Any CPU
		{4D55EE91-7FF0-43C9-ADF4-82C81EEB797C}.Release|iPhone.Build.0 = Release|Any CPU
		{4D55EE91-7FF0-43C9-ADF4-82C81EEB797C}.Release|iPhone.Deploy.0 = Release|Any CPU
		{4D55EE91-7FF0-43C9-ADF4-82C81EEB797C}.Release|iPhoneSimulator.ActiveCfg = Release|Any CPU
		{4D55EE91-7FF0-43C9-ADF4-82C81EEB797C}.Release|iPhoneSimulator.Build.0 = Release|Any CPU
		{4D55EE91-7FF0-43C9-ADF4-82C81EEB797C}.Release|iPhoneSimulator.Deploy.0 = Release|Any CPU
		{4D55EE91-7FF0-43C9-ADF4-82C81EEB797C}.Release|x64.ActiveCfg = Release|Any CPU
		{4D55EE91-7FF0-43C9-ADF4-82C81EEB797C}.Release|x64.Build.0 = Release|Any CPU
		{4D55EE91-7FF0-43C9-ADF4-82C81EEB797C}.Release|x64.Deploy.0 = Release|Any CPU
		{4D55EE91-7FF0-43C9-ADF4-82C81EEB797C}.Release|x86.ActiveCfg = Release|Any CPU
		{4D55EE91-7FF0-43C9-ADF4-82C81EEB797C}.Release|x86.Build.0 = Release|Any CPU
		{4D55EE91-7FF0-43C9-ADF4-82C81EEB797C}.Release|x86.Deploy.0 = Release|Any CPU
		{E9C9F95A-3AA4-4F85-81DE-004ADB46DC01}.Ad-Hoc|Any CPU.ActiveCfg = Ad-Hoc|iPhone
		{E9C9F95A-3AA4-4F85-81DE-004ADB46DC01}.Ad-Hoc|ARM.ActiveCfg = Ad-Hoc|iPhone
		{E9C9F95A-3AA4-4F85-81DE-004ADB46DC01}.Ad-Hoc|iPhone.ActiveCfg = Ad-Hoc|iPhone
		{E9C9F95A-3AA4-4F85-81DE-004ADB46DC01}.Ad-Hoc|iPhone.Build.0 = Ad-Hoc|iPhone
		{E9C9F95A-3AA4-4F85-81DE-004ADB46DC01}.Ad-Hoc|iPhoneSimulator.ActiveCfg = Ad-Hoc|iPhoneSimulator
		{E9C9F95A-3AA4-4F85-81DE-004ADB46DC01}.Ad-Hoc|iPhoneSimulator.Build.0 = Ad-Hoc|iPhoneSimulator
		{E9C9F95A-3AA4-4F85-81DE-004ADB46DC01}.Ad-Hoc|x64.ActiveCfg = Ad-Hoc|iPhone
		{E9C9F95A-3AA4-4F85-81DE-004ADB46DC01}.Ad-Hoc|x86.ActiveCfg = Ad-Hoc|iPhone
		{E9C9F95A-3AA4-4F85-81DE-004ADB46DC01}.AppStore|Any CPU.ActiveCfg = AppStore|iPhone
		{E9C9F95A-3AA4-4F85-81DE-004ADB46DC01}.AppStore|ARM.ActiveCfg = AppStore|iPhone
		{E9C9F95A-3AA4-4F85-81DE-004ADB46DC01}.AppStore|iPhone.ActiveCfg = AppStore|iPhone
		{E9C9F95A-3AA4-4F85-81DE-004ADB46DC01}.AppStore|iPhone.Build.0 = AppStore|iPhone
		{E9C9F95A-3AA4-4F85-81DE-004ADB46DC01}.AppStore|iPhoneSimulator.ActiveCfg = AppStore|iPhoneSimulator
		{E9C9F95A-3AA4-4F85-81DE-004ADB46DC01}.AppStore|iPhoneSimulator.Build.0 = AppStore|iPhoneSimulator
		{E9C9F95A-3AA4-4F85-81DE-004ADB46DC01}.AppStore|x64.ActiveCfg = AppStore|iPhone
		{E9C9F95A-3AA4-4F85-81DE-004ADB46DC01}.AppStore|x86.ActiveCfg = AppStore|iPhone
		{E9C9F95A-3AA4-4F85-81DE-004ADB46DC01}.Debug|Any CPU.ActiveCfg = Debug|iPhone
		{E9C9F95A-3AA4-4F85-81DE-004ADB46DC01}.Debug|ARM.ActiveCfg = Debug|iPhone
		{E9C9F95A-3AA4-4F85-81DE-004ADB46DC01}.Debug|iPhone.ActiveCfg = Debug|iPhone
		{E9C9F95A-3AA4-4F85-81DE-004ADB46DC01}.Debug|iPhone.Build.0 = Debug|iPhone
		{E9C9F95A-3AA4-4F85-81DE-004ADB46DC01}.Debug|iPhoneSimulator.ActiveCfg = Debug|iPhoneSimulator
		{E9C9F95A-3AA4-4F85-81DE-004ADB46DC01}.Debug|iPhoneSimulator.Build.0 = Debug|iPhoneSimulator
		{E9C9F95A-3AA4-4F85-81DE-004ADB46DC01}.Debug|x64.ActiveCfg = Debug|iPhone
		{E9C9F95A-3AA4-4F85-81DE-004ADB46DC01}.Debug|x86.ActiveCfg = Debug|iPhone
		{E9C9F95A-3AA4-4F85-81DE-004ADB46DC01}.Release|Any CPU.ActiveCfg = Release|iPhone
		{E9C9F95A-3AA4-4F85-81DE-004ADB46DC01}.Release|ARM.ActiveCfg = Release|iPhone
		{E9C9F95A-3AA4-4F85-81DE-004ADB46DC01}.Release|iPhone.ActiveCfg = Release|iPhone
		{E9C9F95A-3AA4-4F85-81DE-004ADB46DC01}.Release|iPhone.Build.0 = Release|iPhone
		{E9C9F95A-3AA4-4F85-81DE-004ADB46DC01}.Release|iPhoneSimulator.ActiveCfg = Release|iPhoneSimulator
		{E9C9F95A-3AA4-4F85-81DE-004ADB46DC01}.Release|iPhoneSimulator.Build.0 = Release|iPhoneSimulator
		{E9C9F95A-3AA4-4F85-81DE-004ADB46DC01}.Release|x64.ActiveCfg = Release|iPhone
		{E9C9F95A-3AA4-4F85-81DE-004ADB46DC01}.Release|x86.ActiveCfg = Release|iPhone
		{E877C873-FF98-458B-AD0A-6BE6D099A8B6}.Ad-Hoc|Any CPU.ActiveCfg = Release|x86
		{E877C873-FF98-458B-AD0A-6BE6D099A8B6}.Ad-Hoc|Any CPU.Build.0 = Release|x86
		{E877C873-FF98-458B-AD0A-6BE6D099A8B6}.Ad-Hoc|Any CPU.Deploy.0 = Release|x86
		{E877C873-FF98-458B-AD0A-6BE6D099A8B6}.Ad-Hoc|ARM.ActiveCfg = Release|ARM
		{E877C873-FF98-458B-AD0A-6BE6D099A8B6}.Ad-Hoc|ARM.Build.0 = Release|ARM
		{E877C873-FF98-458B-AD0A-6BE6D099A8B6}.Ad-Hoc|ARM.Deploy.0 = Release|ARM
		{E877C873-FF98-458B-AD0A-6BE6D099A8B6}.Ad-Hoc|iPhone.ActiveCfg = Release|x86
		{E877C873-FF98-458B-AD0A-6BE6D099A8B6}.Ad-Hoc|iPhone.Build.0 = Release|x86
		{E877C873-FF98-458B-AD0A-6BE6D099A8B6}.Ad-Hoc|iPhone.Deploy.0 = Release|x86
		{E877C873-FF98-458B-AD0A-6BE6D099A8B6}.Ad-Hoc|iPhoneSimulator.ActiveCfg = Release|x86
		{E877C873-FF98-458B-AD0A-6BE6D099A8B6}.Ad-Hoc|iPhoneSimulator.Build.0 = Release|x86
		{E877C873-FF98-458B-AD0A-6BE6D099A8B6}.Ad-Hoc|iPhoneSimulator.Deploy.0 = Release|x86
		{E877C873-FF98-458B-AD0A-6BE6D099A8B6}.Ad-Hoc|x64.ActiveCfg = Release|x64
		{E877C873-FF98-458B-AD0A-6BE6D099A8B6}.Ad-Hoc|x64.Build.0 = Release|x64
		{E877C873-FF98-458B-AD0A-6BE6D099A8B6}.Ad-Hoc|x64.Deploy.0 = Release|x64
		{E877C873-FF98-458B-AD0A-6BE6D099A8B6}.Ad-Hoc|x86.ActiveCfg = Release|x86
		{E877C873-FF98-458B-AD0A-6BE6D099A8B6}.Ad-Hoc|x86.Build.0 = Release|x86
		{E877C873-FF98-458B-AD0A-6BE6D099A8B6}.Ad-Hoc|x86.Deploy.0 = Release|x86
		{E877C873-FF98-458B-AD0A-6BE6D099A8B6}.AppStore|Any CPU.ActiveCfg = Release|x86
		{E877C873-FF98-458B-AD0A-6BE6D099A8B6}.AppStore|Any CPU.Build.0 = Release|x86
		{E877C873-FF98-458B-AD0A-6BE6D099A8B6}.AppStore|Any CPU.Deploy.0 = Release|x86
		{E877C873-FF98-458B-AD0A-6BE6D099A8B6}.AppStore|ARM.ActiveCfg = Release|ARM
		{E877C873-FF98-458B-AD0A-6BE6D099A8B6}.AppStore|ARM.Build.0 = Release|ARM
		{E877C873-FF98-458B-AD0A-6BE6D099A8B6}.AppStore|ARM.Deploy.0 = Release|ARM
		{E877C873-FF98-458B-AD0A-6BE6D099A8B6}.AppStore|iPhone.ActiveCfg = Release|x86
		{E877C873-FF98-458B-AD0A-6BE6D099A8B6}.AppStore|iPhone.Build.0 = Release|x86
		{E877C873-FF98-458B-AD0A-6BE6D099A8B6}.AppStore|iPhone.Deploy.0 = Release|x86
		{E877C873-FF98-458B-AD0A-6BE6D099A8B6}.AppStore|iPhoneSimulator.ActiveCfg = Release|x86
		{E877C873-FF98-458B-AD0A-6BE6D099A8B6}.AppStore|iPhoneSimulator.Build.0 = Release|x86
		{E877C873-FF98-458B-AD0A-6BE6D099A8B6}.AppStore|iPhoneSimulator.Deploy.0 = Release|x86
		{E877C873-FF98-458B-AD0A-6BE6D099A8B6}.AppStore|x64.ActiveCfg = Release|x64
		{E877C873-FF98-458B-AD0A-6BE6D099A8B6}.AppStore|x64.Build.0 = Release|x64
		{E877C873-FF98-458B-AD0A-6BE6D099A8B6}.AppStore|x64.Deploy.0 = Release|x64
		{E877C873-FF98-458B-AD0A-6BE6D099A8B6}.AppStore|x86.ActiveCfg = Release|x86
		{E877C873-FF98-458B-AD0A-6BE6D099A8B6}.AppStore|x86.Build.0 = Release|x86
		{E877C873-FF98-458B-AD0A-6BE6D099A8B6}.AppStore|x86.Deploy.0 = Release|x86
		{E877C873-FF98-458B-AD0A-6BE6D099A8B6}.Debug|Any CPU.ActiveCfg = Debug|x86
		{E877C873-FF98-458B-AD0A-6BE6D099A8B6}.Debug|ARM.ActiveCfg = Debug|ARM
		{E877C873-FF98-458B-AD0A-6BE6D099A8B6}.Debug|ARM.Build.0 = Debug|ARM
		{E877C873-FF98-458B-AD0A-6BE6D099A8B6}.Debug|ARM.Deploy.0 = Debug|ARM
		{E877C873-FF98-458B-AD0A-6BE6D099A8B6}.Debug|iPhone.ActiveCfg = Debug|x86
		{E877C873-FF98-458B-AD0A-6BE6D099A8B6}.Debug|iPhoneSimulator.ActiveCfg = Debug|x86
		{E877C873-FF98-458B-AD0A-6BE6D099A8B6}.Debug|x64.ActiveCfg = Debug|x64
		{E877C873-FF98-458B-AD0A-6BE6D099A8B6}.Debug|x64.Build.0 = Debug|x64
		{E877C873-FF98-458B-AD0A-6BE6D099A8B6}.Debug|x64.Deploy.0 = Debug|x64
		{E877C873-FF98-458B-AD0A-6BE6D099A8B6}.Debug|x86.ActiveCfg = Debug|x86
		{E877C873-FF98-458B-AD0A-6BE6D099A8B6}.Debug|x86.Build.0 = Debug|x86
		{E877C873-FF98-458B-AD0A-6BE6D099A8B6}.Debug|x86.Deploy.0 = Debug|x86
		{E877C873-FF98-458B-AD0A-6BE6D099A8B6}.Release|Any CPU.ActiveCfg = Release|x86
		{E877C873-FF98-458B-AD0A-6BE6D099A8B6}.Release|ARM.ActiveCfg = Release|ARM
		{E877C873-FF98-458B-AD0A-6BE6D099A8B6}.Release|ARM.Build.0 = Release|ARM
		{E877C873-FF98-458B-AD0A-6BE6D099A8B6}.Release|ARM.Deploy.0 = Release|ARM
		{E877C873-FF98-458B-AD0A-6BE6D099A8B6}.Release|iPhone.ActiveCfg = Release|x86
		{E877C873-FF98-458B-AD0A-6BE6D099A8B6}.Release|iPhoneSimulator.ActiveCfg = Release|x86
		{E877C873-FF98-458B-AD0A-6BE6D099A8B6}.Release|x64.ActiveCfg = Release|x64
		{E877C873-FF98-458B-AD0A-6BE6D099A8B6}.Release|x64.Build.0 = Release|x64
		{E877C873-FF98-458B-AD0A-6BE6D099A8B6}.Release|x64.Deploy.0 = Release|x64
		{E877C873-FF98-458B-AD0A-6BE6D099A8B6}.Release|x86.ActiveCfg = Release|x86
		{E877C873-FF98-458B-AD0A-6BE6D099A8B6}.Release|x86.Build.0 = Release|x86
		{E877C873-FF98-458B-AD0A-6BE6D099A8B6}.Release|x86.Deploy.0 = Release|x86
	EndGlobalSection
	GlobalSection(SolutionProperties) = preSolution
		HideSolutionNode = FALSE
	EndGlobalSection
EndGlobal
